
Microsoft Visual Studio Solution File, Format Version 12.00
# Visual Studio 15
VisualStudioVersion = 15.0.27130.2020
MinimumVisualStudioVersion = 10.0.40219.1
Project("{FAE04EC0-301F-11D3-BF4B-00C04F79EFBC}") = "FunWithCSharp", "FunWithCSharp\FunWithCSharp.csproj", "{F707F592-30B5-4069-9F23-FEB4188B27D1}"
EndProject
Project("{FAE04EC0-301F-11D3-BF4B-00C04F79EFBC}") = "ThreadingAndMultitasking", "ThreadingAndMultitasking\ThreadingAndMultitasking.csproj", "{A0128C4B-500F-4D76-AFF6-9A3D88979AF6}"
EndProject
Project("{FAE04EC0-301F-11D3-BF4B-00C04F79EFBC}") = "TasksInWPF4", "TasksInWPF4\TasksInWPF4.csproj", "{6C4457E5-1314-418D-97F5-AD71285A86A6}"
EndProject
Global
	GlobalSection(SolutionConfigurationPlatforms) = preSolution
		Debug|Any CPU = Debug|Any CPU
		Release|Any CPU = Release|Any CPU
	EndGlobalSection
	GlobalSection(ProjectConfigurationPlatforms) = postSolution
		{F707F592-30B5-4069-9F23-FEB4188B27D1}.Debug|Any CPU.ActiveCfg = Debug|Any CPU
		{F707F592-30B5-4069-9F23-FEB4188B27D1}.Debug|Any CPU.Build.0 = Debug|Any CPU
		{F707F592-30B5-4069-9F23-FEB4188B27D1}.Release|Any CPU.ActiveCfg = Release|Any CPU
		{F707F592-30B5-4069-9F23-FEB4188B27D1}.Release|Any CPU.Build.0 = Release|Any CPU
		{A0128C4B-500F-4D76-AFF6-9A3D88979AF6}.Debug|Any CPU.ActiveCfg = Debug|Any CPU
		{A0128C4B-500F-4D76-AFF6-9A3D88979AF6}.Debug|Any CPU.Build.0 = Debug|Any CPU
		{A0128C4B-500F-4D76-AFF6-9A3D88979AF6}.Release|Any CPU.ActiveCfg = Release|Any CPU
		{A0128C4B-500F-4D76-AFF6-9A3D88979AF6}.Release|Any CPU.Build.0 = Release|Any CPU
		{6C4457E5-1314-418D-97F5-AD71285A86A6}.Debug|Any CPU.ActiveCfg = Debug|Any CPU
		{6C4457E5-1314-418D-97F5-AD71285A86A6}.Debug|Any CPU.Build.0 = Debug|Any CPU
		{6C4457E5-1314-418D-97F5-AD71285A86A6}.Release|Any CPU.ActiveCfg = Release|Any CPU
		{6C4457E5-1314-418D-97F5-AD71285A86A6}.Release|Any CPU.Build.0 = Release|Any CPU
	EndGlobalSection
	GlobalSection(SolutionProperties) = preSolution
		HideSolutionNode = FALSE
	EndGlobalSection
	GlobalSection(ExtensibilityGlobals) = postSolution
		SolutionGuid = {FD1481B4-D875-4695-B91D-AC73AABF8F2C}
	EndGlobalSection
EndGlobal
