
Microsoft Visual Studio Solution File, Format Version 12.00
# Visual Studio 15
VisualStudioVersion = 15.0.27130.2027
MinimumVisualStudioVersion = 10.0.40219.1
Project("{FAE04EC0-301F-11D3-BF4B-00C04F79EFBC}") = "FunWithCSharp", "FunWithCSharp\FunWithCSharp.csproj", "{F707F592-30B5-4069-9F23-FEB4188B27D1}"
EndProject
Project("{2150E333-8FDC-42A3-9474-1A3956D46DE8}") = "Chapter 1", "Chapter 1", "{25BCE4A6-12D6-4BA2-8D19-539B923CCC67}"
EndProject
Project("{2150E333-8FDC-42A3-9474-1A3956D46DE8}") = "1.1", "1.1", "{9E0FC5A6-C4F5-443A-9560-22B4BE1F1839}"
EndProject
Project("{2150E333-8FDC-42A3-9474-1A3956D46DE8}") = "1.2", "1.2", "{391956A2-75BD-44A7-B688-6983861BAC80}"
EndProject
Project("{FAE04EC0-301F-11D3-BF4B-00C04F79EFBC}") = "HelpersLibrary", "HelpersLibrary\HelpersLibrary.csproj", "{12F855F9-1FD7-4228-9840-D8BAEEB0B450}"
EndProject
Project("{2150E333-8FDC-42A3-9474-1A3956D46DE8}") = "1.3", "1.3", "{D7384379-3A24-4888-8D0C-C53664B2C4F8}"
EndProject
Project("{2150E333-8FDC-42A3-9474-1A3956D46DE8}") = "1.4", "1.4", "{604288BD-852B-4D48-BADF-4AE2725D5532}"
EndProject
Project("{2150E333-8FDC-42A3-9474-1A3956D46DE8}") = "1.5", "1.5", "{0C90D0DE-7AA6-4B58-8E4A-656CABE41DB7}"
EndProject
Project("{2150E333-8FDC-42A3-9474-1A3956D46DE8}") = "Chapter 2", "Chapter 2", "{8206549D-A0C1-4AA2-B89E-E1A3C9C72602}"
EndProject
Project("{2150E333-8FDC-42A3-9474-1A3956D46DE8}") = "2.1", "2.1", "{ED066F87-5741-42FA-BE72-8568E88FB9F9}"
EndProject
Project("{FAE04EC0-301F-11D3-BF4B-00C04F79EFBC}") = "ValueAndReferenceTypes", "Chapter 2\2.1\ValueAndReferenceTypes\ValueAndReferenceTypes.csproj", "{FEBED75F-E852-4A8B-B439-A93B777E8FE5}"
EndProject
Project("{FAE04EC0-301F-11D3-BF4B-00C04F79EFBC}") = "ThreadingAndMultitasking", "Chapter 1\1.1\ThreadingAndMultitasking\ThreadingAndMultitasking.csproj", "{A0128C4B-500F-4D76-AFF6-9A3D88979AF6}"
EndProject
Project("{FAE04EC0-301F-11D3-BF4B-00C04F79EFBC}") = "TasksInWPF4", "Chapter 1\1.1\TasksInWPF4\TasksInWPF4.csproj", "{6C4457E5-1314-418D-97F5-AD71285A86A6}"
EndProject
Project("{FAE04EC0-301F-11D3-BF4B-00C04F79EFBC}") = "TasksInWPF4_6_1", "Chapter 1\1.1\TasksInWPF4_6_1\TasksInWPF4_6_1.csproj", "{C307B103-99BC-4E70-A5C1-4BE0DE6703F3}"
EndProject
Project("{FAE04EC0-301F-11D3-BF4B-00C04F79EFBC}") = "WCFTasks4", "Chapter 1\1.1\WCFTasks4\WCFTasks4.csproj", "{E3CD132A-D12C-4D1D-911F-551A787BD5A9}"
EndProject
Project("{FAE04EC0-301F-11D3-BF4B-00C04F79EFBC}") = "SynchronizingResources", "Chapter 1\1.2\SynchronizingResources\SynchronizingResources.csproj", "{F16C1F87-7861-4AFB-B442-8EF734639E18}"
EndProject
Project("{FAE04EC0-301F-11D3-BF4B-00C04F79EFBC}") = "ProgramFlow", "Chapter 1\1.2\ProgramFlow\ProgramFlow.csproj", "{81C23AA1-8615-4EA3-9FB0-DB9D2F65CEBF}"
EndProject
Project("{FAE04EC0-301F-11D3-BF4B-00C04F79EFBC}") = "EventsTests", "Chapter 1\1.4\EventsTests\EventsTests.csproj", "{156E427F-DFAB-461E-BCAD-EAECF160FAE4}"
EndProject
Project("{FAE04EC0-301F-11D3-BF4B-00C04F79EFBC}") = "UsingDelegates", "Chapter 1\1.4\UsingDelegates\UsingDelegates.csproj", "{7730E816-919E-4BE7-AB2D-4DE5818F839E}"
EndProject
Project("{FAE04EC0-301F-11D3-BF4B-00C04F79EFBC}") = "UsingLambda", "Chapter 1\1.4\UsingLambda\UsingLambda.csproj", "{B3A0E989-A27C-465B-898C-BFB9DDA5C4B7}"
EndProject
Project("{FAE04EC0-301F-11D3-BF4B-00C04F79EFBC}") = "Exceptions", "Chapter 1\1.5\Exceptions\Exceptions.csproj", "{18137B3F-69CF-47E9-8DFB-2D64D57A9182}"
EndProject
Project("{2150E333-8FDC-42A3-9474-1A3956D46DE8}") = "2.3", "2.3", "{BD992D32-7056-4F75-BE72-F751C3D8AE20}"
EndProject
Project("{FAE04EC0-301F-11D3-BF4B-00C04F79EFBC}") = "EnforcingEncapsulation", "Chapter 2\2.3\EnforcingEncapsulation\EnforcingEncapsulation.csproj", "{15AA4719-390B-41D2-820F-9DB65306EAF9}"
EndProject
Project("{2150E333-8FDC-42A3-9474-1A3956D46DE8}") = "2.4", "2.4", "{8DE4A767-2336-45DC-B65E-AC1E60A685AC}"
EndProject
Project("{FAE04EC0-301F-11D3-BF4B-00C04F79EFBC}") = "ClassHierarchy", "Chapter 2\2.4\ClassHierarchy\ClassHierarchy.csproj", "{97D623B2-51AE-49E4-901C-B536690FE87D}"
EndProject
Project("{2150E333-8FDC-42A3-9474-1A3956D46DE8}") = "2.5", "2.5", "{24030025-BFD5-4A6D-B46C-6926501321E7}"
EndProject
Project("{FAE04EC0-301F-11D3-BF4B-00C04F79EFBC}") = "ReflectionTests", "Chapter 2\2.5\ReflectionTests\ReflectionTests.csproj", "{1AF90BF5-AB45-47F4-B6E8-0DA594C8B50E}"
EndProject
Project("{2150E333-8FDC-42A3-9474-1A3956D46DE8}") = "2.7", "2.7", "{E9175FD0-5921-474E-85AA-147DA74902C1}"
EndProject
Project("{FAE04EC0-301F-11D3-BF4B-00C04F79EFBC}") = "AboutString", "Chapter 2\2.7\AboutString\AboutString.csproj", "{6A1BAE03-A9E5-4A2B-BDD7-2FF0F51EE915}"
EndProject
Project("{2150E333-8FDC-42A3-9474-1A3956D46DE8}") = "Chapter 3", "Chapter 3", "{0C61AC19-ECFF-404D-A4C4-22A1B64C0E34}"
EndProject
Project("{2150E333-8FDC-42A3-9474-1A3956D46DE8}") = "3.1", "3.1", "{61861E17-CDA9-4BE6-94A5-8A8B208FE644}"
EndProject
Project("{FAE04EC0-301F-11D3-BF4B-00C04F79EFBC}") = "ValidateApplicationInputTests", "Chapter 3\3.1\ValidateApplicationInputTests\ValidateApplicationInputTests.csproj", "{25EAA9DC-A772-41C8-A51B-17CB72444189}"
EndProject
Global
	GlobalSection(SolutionConfigurationPlatforms) = preSolution
		Debug|Any CPU = Debug|Any CPU
		Release|Any CPU = Release|Any CPU
	EndGlobalSection
	GlobalSection(ProjectConfigurationPlatforms) = postSolution
		{F707F592-30B5-4069-9F23-FEB4188B27D1}.Debug|Any CPU.ActiveCfg = Debug|Any CPU
		{F707F592-30B5-4069-9F23-FEB4188B27D1}.Debug|Any CPU.Build.0 = Debug|Any CPU
		{F707F592-30B5-4069-9F23-FEB4188B27D1}.Release|Any CPU.ActiveCfg = Release|Any CPU
		{F707F592-30B5-4069-9F23-FEB4188B27D1}.Release|Any CPU.Build.0 = Release|Any CPU
		{12F855F9-1FD7-4228-9840-D8BAEEB0B450}.Debug|Any CPU.ActiveCfg = Debug|Any CPU
		{12F855F9-1FD7-4228-9840-D8BAEEB0B450}.Debug|Any CPU.Build.0 = Debug|Any CPU
		{12F855F9-1FD7-4228-9840-D8BAEEB0B450}.Release|Any CPU.ActiveCfg = Release|Any CPU
		{12F855F9-1FD7-4228-9840-D8BAEEB0B450}.Release|Any CPU.Build.0 = Release|Any CPU
		{FEBED75F-E852-4A8B-B439-A93B777E8FE5}.Debug|Any CPU.ActiveCfg = Debug|Any CPU
		{FEBED75F-E852-4A8B-B439-A93B777E8FE5}.Debug|Any CPU.Build.0 = Debug|Any CPU
		{FEBED75F-E852-4A8B-B439-A93B777E8FE5}.Release|Any CPU.ActiveCfg = Release|Any CPU
		{FEBED75F-E852-4A8B-B439-A93B777E8FE5}.Release|Any CPU.Build.0 = Release|Any CPU
		{A0128C4B-500F-4D76-AFF6-9A3D88979AF6}.Debug|Any CPU.ActiveCfg = Debug|Any CPU
		{A0128C4B-500F-4D76-AFF6-9A3D88979AF6}.Debug|Any CPU.Build.0 = Debug|Any CPU
		{A0128C4B-500F-4D76-AFF6-9A3D88979AF6}.Release|Any CPU.ActiveCfg = Release|Any CPU
		{A0128C4B-500F-4D76-AFF6-9A3D88979AF6}.Release|Any CPU.Build.0 = Release|Any CPU
		{6C4457E5-1314-418D-97F5-AD71285A86A6}.Debug|Any CPU.ActiveCfg = Debug|Any CPU
		{6C4457E5-1314-418D-97F5-AD71285A86A6}.Debug|Any CPU.Build.0 = Debug|Any CPU
		{6C4457E5-1314-418D-97F5-AD71285A86A6}.Release|Any CPU.ActiveCfg = Release|Any CPU
		{6C4457E5-1314-418D-97F5-AD71285A86A6}.Release|Any CPU.Build.0 = Release|Any CPU
		{C307B103-99BC-4E70-A5C1-4BE0DE6703F3}.Debug|Any CPU.ActiveCfg = Debug|Any CPU
		{C307B103-99BC-4E70-A5C1-4BE0DE6703F3}.Debug|Any CPU.Build.0 = Debug|Any CPU
		{C307B103-99BC-4E70-A5C1-4BE0DE6703F3}.Release|Any CPU.ActiveCfg = Release|Any CPU
		{C307B103-99BC-4E70-A5C1-4BE0DE6703F3}.Release|Any CPU.Build.0 = Release|Any CPU
		{E3CD132A-D12C-4D1D-911F-551A787BD5A9}.Debug|Any CPU.ActiveCfg = Debug|Any CPU
		{E3CD132A-D12C-4D1D-911F-551A787BD5A9}.Debug|Any CPU.Build.0 = Debug|Any CPU
		{E3CD132A-D12C-4D1D-911F-551A787BD5A9}.Release|Any CPU.ActiveCfg = Release|Any CPU
		{E3CD132A-D12C-4D1D-911F-551A787BD5A9}.Release|Any CPU.Build.0 = Release|Any CPU
		{F16C1F87-7861-4AFB-B442-8EF734639E18}.Debug|Any CPU.ActiveCfg = Debug|Any CPU
		{F16C1F87-7861-4AFB-B442-8EF734639E18}.Debug|Any CPU.Build.0 = Debug|Any CPU
		{F16C1F87-7861-4AFB-B442-8EF734639E18}.Release|Any CPU.ActiveCfg = Release|Any CPU
		{F16C1F87-7861-4AFB-B442-8EF734639E18}.Release|Any CPU.Build.0 = Release|Any CPU
		{81C23AA1-8615-4EA3-9FB0-DB9D2F65CEBF}.Debug|Any CPU.ActiveCfg = Debug|Any CPU
		{81C23AA1-8615-4EA3-9FB0-DB9D2F65CEBF}.Debug|Any CPU.Build.0 = Debug|Any CPU
		{81C23AA1-8615-4EA3-9FB0-DB9D2F65CEBF}.Release|Any CPU.ActiveCfg = Release|Any CPU
		{81C23AA1-8615-4EA3-9FB0-DB9D2F65CEBF}.Release|Any CPU.Build.0 = Release|Any CPU
		{156E427F-DFAB-461E-BCAD-EAECF160FAE4}.Debug|Any CPU.ActiveCfg = Debug|Any CPU
		{156E427F-DFAB-461E-BCAD-EAECF160FAE4}.Debug|Any CPU.Build.0 = Debug|Any CPU
		{156E427F-DFAB-461E-BCAD-EAECF160FAE4}.Release|Any CPU.ActiveCfg = Release|Any CPU
		{156E427F-DFAB-461E-BCAD-EAECF160FAE4}.Release|Any CPU.Build.0 = Release|Any CPU
		{7730E816-919E-4BE7-AB2D-4DE5818F839E}.Debug|Any CPU.ActiveCfg = Debug|Any CPU
		{7730E816-919E-4BE7-AB2D-4DE5818F839E}.Debug|Any CPU.Build.0 = Debug|Any CPU
		{7730E816-919E-4BE7-AB2D-4DE5818F839E}.Release|Any CPU.ActiveCfg = Release|Any CPU
		{7730E816-919E-4BE7-AB2D-4DE5818F839E}.Release|Any CPU.Build.0 = Release|Any CPU
		{B3A0E989-A27C-465B-898C-BFB9DDA5C4B7}.Debug|Any CPU.ActiveCfg = Debug|Any CPU
		{B3A0E989-A27C-465B-898C-BFB9DDA5C4B7}.Debug|Any CPU.Build.0 = Debug|Any CPU
		{B3A0E989-A27C-465B-898C-BFB9DDA5C4B7}.Release|Any CPU.ActiveCfg = Release|Any CPU
		{B3A0E989-A27C-465B-898C-BFB9DDA5C4B7}.Release|Any CPU.Build.0 = Release|Any CPU
		{18137B3F-69CF-47E9-8DFB-2D64D57A9182}.Debug|Any CPU.ActiveCfg = Debug|Any CPU
		{18137B3F-69CF-47E9-8DFB-2D64D57A9182}.Debug|Any CPU.Build.0 = Debug|Any CPU
		{18137B3F-69CF-47E9-8DFB-2D64D57A9182}.Release|Any CPU.ActiveCfg = Release|Any CPU
		{18137B3F-69CF-47E9-8DFB-2D64D57A9182}.Release|Any CPU.Build.0 = Release|Any CPU
		{15AA4719-390B-41D2-820F-9DB65306EAF9}.Debug|Any CPU.ActiveCfg = Debug|Any CPU
		{15AA4719-390B-41D2-820F-9DB65306EAF9}.Debug|Any CPU.Build.0 = Debug|Any CPU
		{15AA4719-390B-41D2-820F-9DB65306EAF9}.Release|Any CPU.ActiveCfg = Release|Any CPU
		{15AA4719-390B-41D2-820F-9DB65306EAF9}.Release|Any CPU.Build.0 = Release|Any CPU
		{97D623B2-51AE-49E4-901C-B536690FE87D}.Debug|Any CPU.ActiveCfg = Debug|Any CPU
		{97D623B2-51AE-49E4-901C-B536690FE87D}.Debug|Any CPU.Build.0 = Debug|Any CPU
		{97D623B2-51AE-49E4-901C-B536690FE87D}.Release|Any CPU.ActiveCfg = Release|Any CPU
		{97D623B2-51AE-49E4-901C-B536690FE87D}.Release|Any CPU.Build.0 = Release|Any CPU
		{1AF90BF5-AB45-47F4-B6E8-0DA594C8B50E}.Debug|Any CPU.ActiveCfg = Debug|Any CPU
		{1AF90BF5-AB45-47F4-B6E8-0DA594C8B50E}.Debug|Any CPU.Build.0 = Debug|Any CPU
		{1AF90BF5-AB45-47F4-B6E8-0DA594C8B50E}.Release|Any CPU.ActiveCfg = Release|Any CPU
		{1AF90BF5-AB45-47F4-B6E8-0DA594C8B50E}.Release|Any CPU.Build.0 = Release|Any CPU
		{6A1BAE03-A9E5-4A2B-BDD7-2FF0F51EE915}.Debug|Any CPU.ActiveCfg = Debug|Any CPU
		{6A1BAE03-A9E5-4A2B-BDD7-2FF0F51EE915}.Debug|Any CPU.Build.0 = Debug|Any CPU
		{6A1BAE03-A9E5-4A2B-BDD7-2FF0F51EE915}.Release|Any CPU.ActiveCfg = Release|Any CPU
		{6A1BAE03-A9E5-4A2B-BDD7-2FF0F51EE915}.Release|Any CPU.Build.0 = Release|Any CPU
		{25EAA9DC-A772-41C8-A51B-17CB72444189}.Debug|Any CPU.ActiveCfg = Debug|Any CPU
		{25EAA9DC-A772-41C8-A51B-17CB72444189}.Debug|Any CPU.Build.0 = Debug|Any CPU
		{25EAA9DC-A772-41C8-A51B-17CB72444189}.Release|Any CPU.ActiveCfg = Release|Any CPU
		{25EAA9DC-A772-41C8-A51B-17CB72444189}.Release|Any CPU.Build.0 = Release|Any CPU
	EndGlobalSection
	GlobalSection(SolutionProperties) = preSolution
		HideSolutionNode = FALSE
	EndGlobalSection
	GlobalSection(NestedProjects) = preSolution
		{9E0FC5A6-C4F5-443A-9560-22B4BE1F1839} = {25BCE4A6-12D6-4BA2-8D19-539B923CCC67}
		{391956A2-75BD-44A7-B688-6983861BAC80} = {25BCE4A6-12D6-4BA2-8D19-539B923CCC67}
		{D7384379-3A24-4888-8D0C-C53664B2C4F8} = {25BCE4A6-12D6-4BA2-8D19-539B923CCC67}
		{604288BD-852B-4D48-BADF-4AE2725D5532} = {25BCE4A6-12D6-4BA2-8D19-539B923CCC67}
		{0C90D0DE-7AA6-4B58-8E4A-656CABE41DB7} = {25BCE4A6-12D6-4BA2-8D19-539B923CCC67}
		{ED066F87-5741-42FA-BE72-8568E88FB9F9} = {8206549D-A0C1-4AA2-B89E-E1A3C9C72602}
		{FEBED75F-E852-4A8B-B439-A93B777E8FE5} = {ED066F87-5741-42FA-BE72-8568E88FB9F9}
		{A0128C4B-500F-4D76-AFF6-9A3D88979AF6} = {9E0FC5A6-C4F5-443A-9560-22B4BE1F1839}
		{6C4457E5-1314-418D-97F5-AD71285A86A6} = {9E0FC5A6-C4F5-443A-9560-22B4BE1F1839}
		{C307B103-99BC-4E70-A5C1-4BE0DE6703F3} = {9E0FC5A6-C4F5-443A-9560-22B4BE1F1839}
		{E3CD132A-D12C-4D1D-911F-551A787BD5A9} = {9E0FC5A6-C4F5-443A-9560-22B4BE1F1839}
		{F16C1F87-7861-4AFB-B442-8EF734639E18} = {391956A2-75BD-44A7-B688-6983861BAC80}
		{81C23AA1-8615-4EA3-9FB0-DB9D2F65CEBF} = {391956A2-75BD-44A7-B688-6983861BAC80}
		{156E427F-DFAB-461E-BCAD-EAECF160FAE4} = {604288BD-852B-4D48-BADF-4AE2725D5532}
		{7730E816-919E-4BE7-AB2D-4DE5818F839E} = {604288BD-852B-4D48-BADF-4AE2725D5532}
		{B3A0E989-A27C-465B-898C-BFB9DDA5C4B7} = {604288BD-852B-4D48-BADF-4AE2725D5532}
		{18137B3F-69CF-47E9-8DFB-2D64D57A9182} = {0C90D0DE-7AA6-4B58-8E4A-656CABE41DB7}
		{BD992D32-7056-4F75-BE72-F751C3D8AE20} = {8206549D-A0C1-4AA2-B89E-E1A3C9C72602}
		{15AA4719-390B-41D2-820F-9DB65306EAF9} = {BD992D32-7056-4F75-BE72-F751C3D8AE20}
		{8DE4A767-2336-45DC-B65E-AC1E60A685AC} = {8206549D-A0C1-4AA2-B89E-E1A3C9C72602}
		{97D623B2-51AE-49E4-901C-B536690FE87D} = {8DE4A767-2336-45DC-B65E-AC1E60A685AC}
		{24030025-BFD5-4A6D-B46C-6926501321E7} = {8206549D-A0C1-4AA2-B89E-E1A3C9C72602}
		{1AF90BF5-AB45-47F4-B6E8-0DA594C8B50E} = {24030025-BFD5-4A6D-B46C-6926501321E7}
		{E9175FD0-5921-474E-85AA-147DA74902C1} = {8206549D-A0C1-4AA2-B89E-E1A3C9C72602}
		{6A1BAE03-A9E5-4A2B-BDD7-2FF0F51EE915} = {E9175FD0-5921-474E-85AA-147DA74902C1}
		{61861E17-CDA9-4BE6-94A5-8A8B208FE644} = {0C61AC19-ECFF-404D-A4C4-22A1B64C0E34}
		{25EAA9DC-A772-41C8-A51B-17CB72444189} = {61861E17-CDA9-4BE6-94A5-8A8B208FE644}
	EndGlobalSection
	GlobalSection(ExtensibilityGlobals) = postSolution
		SolutionGuid = {FD1481B4-D875-4695-B91D-AC73AABF8F2C}
	EndGlobalSection
EndGlobal
