
Microsoft Visual Studio Solution File, Format Version 12.00
# Visual Studio 15
VisualStudioVersion = 15.0.27130.2024
MinimumVisualStudioVersion = 10.0.40219.1
Project("{FAE04EC0-301F-11D3-BF4B-00C04F79EFBC}") = "FunWithCSharp", "FunWithCSharp\FunWithCSharp.csproj", "{F707F592-30B5-4069-9F23-FEB4188B27D1}"
EndProject
Project("{FAE04EC0-301F-11D3-BF4B-00C04F79EFBC}") = "ThreadingAndMultitasking", "ThreadingAndMultitasking\ThreadingAndMultitasking.csproj", "{A0128C4B-500F-4D76-AFF6-9A3D88979AF6}"
EndProject
Project("{FAE04EC0-301F-11D3-BF4B-00C04F79EFBC}") = "TasksInWPF4", "TasksInWPF4\TasksInWPF4.csproj", "{6C4457E5-1314-418D-97F5-AD71285A86A6}"
	ProjectSection(ProjectDependencies) = postProject
		{E3CD132A-D12C-4D1D-911F-551A787BD5A9} = {E3CD132A-D12C-4D1D-911F-551A787BD5A9}
	EndProjectSection
EndProject
Project("{FAE04EC0-301F-11D3-BF4B-00C04F79EFBC}") = "WCFTasks4", "WCFTasks4\WCFTasks4.csproj", "{E3CD132A-D12C-4D1D-911F-551A787BD5A9}"
EndProject
Project("{FAE04EC0-301F-11D3-BF4B-00C04F79EFBC}") = "TasksInWPF4_6_1", "TasksInWPF4_6_1\TasksInWPF4_6_1.csproj", "{C307B103-99BC-4E70-A5C1-4BE0DE6703F3}"
EndProject
Project("{2150E333-8FDC-42A3-9474-1A3956D46DE8}") = "Chapter 1", "Chapter 1", "{25BCE4A6-12D6-4BA2-8D19-539B923CCC67}"
EndProject
Project("{2150E333-8FDC-42A3-9474-1A3956D46DE8}") = "1.1", "1.1", "{9E0FC5A6-C4F5-443A-9560-22B4BE1F1839}"
EndProject
Project("{2150E333-8FDC-42A3-9474-1A3956D46DE8}") = "1.2", "1.2", "{391956A2-75BD-44A7-B688-6983861BAC80}"
EndProject
Project("{FAE04EC0-301F-11D3-BF4B-00C04F79EFBC}") = "HelpersLibrary", "HelpersLibrary\HelpersLibrary.csproj", "{12F855F9-1FD7-4228-9840-D8BAEEB0B450}"
EndProject
Project("{FAE04EC0-301F-11D3-BF4B-00C04F79EFBC}") = "SynchronizingResources", "SynchronizingResources\SynchronizingResources.csproj", "{F16C1F87-7861-4AFB-B442-8EF734639E18}"
EndProject
Project("{FAE04EC0-301F-11D3-BF4B-00C04F79EFBC}") = "ProgramFlow", "ProgramFlow\ProgramFlow.csproj", "{81C23AA1-8615-4EA3-9FB0-DB9D2F65CEBF}"
EndProject
Project("{2150E333-8FDC-42A3-9474-1A3956D46DE8}") = "1.3", "1.3", "{D7384379-3A24-4888-8D0C-C53664B2C4F8}"
EndProject
Project("{2150E333-8FDC-42A3-9474-1A3956D46DE8}") = "1.4", "1.4", "{604288BD-852B-4D48-BADF-4AE2725D5532}"
EndProject
Project("{FAE04EC0-301F-11D3-BF4B-00C04F79EFBC}") = "UsingDelegates", "UsingDelegates\UsingDelegates.csproj", "{7730E816-919E-4BE7-AB2D-4DE5818F839E}"
EndProject
Project("{FAE04EC0-301F-11D3-BF4B-00C04F79EFBC}") = "UsingLambda", "UsingLambda\UsingLambda.csproj", "{B3A0E989-A27C-465B-898C-BFB9DDA5C4B7}"
EndProject
Project("{FAE04EC0-301F-11D3-BF4B-00C04F79EFBC}") = "EventsTests", "EventsTests\EventsTests.csproj", "{156E427F-DFAB-461E-BCAD-EAECF160FAE4}"
EndProject
Global
	GlobalSection(SolutionConfigurationPlatforms) = preSolution
		Debug|Any CPU = Debug|Any CPU
		Release|Any CPU = Release|Any CPU
	EndGlobalSection
	GlobalSection(ProjectConfigurationPlatforms) = postSolution
		{F707F592-30B5-4069-9F23-FEB4188B27D1}.Debug|Any CPU.ActiveCfg = Debug|Any CPU
		{F707F592-30B5-4069-9F23-FEB4188B27D1}.Debug|Any CPU.Build.0 = Debug|Any CPU
		{F707F592-30B5-4069-9F23-FEB4188B27D1}.Release|Any CPU.ActiveCfg = Release|Any CPU
		{F707F592-30B5-4069-9F23-FEB4188B27D1}.Release|Any CPU.Build.0 = Release|Any CPU
		{A0128C4B-500F-4D76-AFF6-9A3D88979AF6}.Debug|Any CPU.ActiveCfg = Debug|Any CPU
		{A0128C4B-500F-4D76-AFF6-9A3D88979AF6}.Debug|Any CPU.Build.0 = Debug|Any CPU
		{A0128C4B-500F-4D76-AFF6-9A3D88979AF6}.Release|Any CPU.ActiveCfg = Release|Any CPU
		{A0128C4B-500F-4D76-AFF6-9A3D88979AF6}.Release|Any CPU.Build.0 = Release|Any CPU
		{6C4457E5-1314-418D-97F5-AD71285A86A6}.Debug|Any CPU.ActiveCfg = Debug|Any CPU
		{6C4457E5-1314-418D-97F5-AD71285A86A6}.Debug|Any CPU.Build.0 = Debug|Any CPU
		{6C4457E5-1314-418D-97F5-AD71285A86A6}.Release|Any CPU.ActiveCfg = Release|Any CPU
		{6C4457E5-1314-418D-97F5-AD71285A86A6}.Release|Any CPU.Build.0 = Release|Any CPU
		{E3CD132A-D12C-4D1D-911F-551A787BD5A9}.Debug|Any CPU.ActiveCfg = Debug|Any CPU
		{E3CD132A-D12C-4D1D-911F-551A787BD5A9}.Debug|Any CPU.Build.0 = Debug|Any CPU
		{E3CD132A-D12C-4D1D-911F-551A787BD5A9}.Release|Any CPU.ActiveCfg = Release|Any CPU
		{E3CD132A-D12C-4D1D-911F-551A787BD5A9}.Release|Any CPU.Build.0 = Release|Any CPU
		{C307B103-99BC-4E70-A5C1-4BE0DE6703F3}.Debug|Any CPU.ActiveCfg = Debug|Any CPU
		{C307B103-99BC-4E70-A5C1-4BE0DE6703F3}.Debug|Any CPU.Build.0 = Debug|Any CPU
		{C307B103-99BC-4E70-A5C1-4BE0DE6703F3}.Release|Any CPU.ActiveCfg = Release|Any CPU
		{C307B103-99BC-4E70-A5C1-4BE0DE6703F3}.Release|Any CPU.Build.0 = Release|Any CPU
		{12F855F9-1FD7-4228-9840-D8BAEEB0B450}.Debug|Any CPU.ActiveCfg = Debug|Any CPU
		{12F855F9-1FD7-4228-9840-D8BAEEB0B450}.Debug|Any CPU.Build.0 = Debug|Any CPU
		{12F855F9-1FD7-4228-9840-D8BAEEB0B450}.Release|Any CPU.ActiveCfg = Release|Any CPU
		{12F855F9-1FD7-4228-9840-D8BAEEB0B450}.Release|Any CPU.Build.0 = Release|Any CPU
		{F16C1F87-7861-4AFB-B442-8EF734639E18}.Debug|Any CPU.ActiveCfg = Debug|Any CPU
		{F16C1F87-7861-4AFB-B442-8EF734639E18}.Debug|Any CPU.Build.0 = Debug|Any CPU
		{F16C1F87-7861-4AFB-B442-8EF734639E18}.Release|Any CPU.ActiveCfg = Release|Any CPU
		{F16C1F87-7861-4AFB-B442-8EF734639E18}.Release|Any CPU.Build.0 = Release|Any CPU
		{81C23AA1-8615-4EA3-9FB0-DB9D2F65CEBF}.Debug|Any CPU.ActiveCfg = Debug|Any CPU
		{81C23AA1-8615-4EA3-9FB0-DB9D2F65CEBF}.Debug|Any CPU.Build.0 = Debug|Any CPU
		{81C23AA1-8615-4EA3-9FB0-DB9D2F65CEBF}.Release|Any CPU.ActiveCfg = Release|Any CPU
		{81C23AA1-8615-4EA3-9FB0-DB9D2F65CEBF}.Release|Any CPU.Build.0 = Release|Any CPU
		{7730E816-919E-4BE7-AB2D-4DE5818F839E}.Debug|Any CPU.ActiveCfg = Debug|Any CPU
		{7730E816-919E-4BE7-AB2D-4DE5818F839E}.Debug|Any CPU.Build.0 = Debug|Any CPU
		{7730E816-919E-4BE7-AB2D-4DE5818F839E}.Release|Any CPU.ActiveCfg = Release|Any CPU
		{7730E816-919E-4BE7-AB2D-4DE5818F839E}.Release|Any CPU.Build.0 = Release|Any CPU
		{B3A0E989-A27C-465B-898C-BFB9DDA5C4B7}.Debug|Any CPU.ActiveCfg = Debug|Any CPU
		{B3A0E989-A27C-465B-898C-BFB9DDA5C4B7}.Debug|Any CPU.Build.0 = Debug|Any CPU
		{B3A0E989-A27C-465B-898C-BFB9DDA5C4B7}.Release|Any CPU.ActiveCfg = Release|Any CPU
		{B3A0E989-A27C-465B-898C-BFB9DDA5C4B7}.Release|Any CPU.Build.0 = Release|Any CPU
		{156E427F-DFAB-461E-BCAD-EAECF160FAE4}.Debug|Any CPU.ActiveCfg = Debug|Any CPU
		{156E427F-DFAB-461E-BCAD-EAECF160FAE4}.Debug|Any CPU.Build.0 = Debug|Any CPU
		{156E427F-DFAB-461E-BCAD-EAECF160FAE4}.Release|Any CPU.ActiveCfg = Release|Any CPU
		{156E427F-DFAB-461E-BCAD-EAECF160FAE4}.Release|Any CPU.Build.0 = Release|Any CPU
	EndGlobalSection
	GlobalSection(SolutionProperties) = preSolution
		HideSolutionNode = FALSE
	EndGlobalSection
	GlobalSection(NestedProjects) = preSolution
		{A0128C4B-500F-4D76-AFF6-9A3D88979AF6} = {9E0FC5A6-C4F5-443A-9560-22B4BE1F1839}
		{6C4457E5-1314-418D-97F5-AD71285A86A6} = {9E0FC5A6-C4F5-443A-9560-22B4BE1F1839}
		{E3CD132A-D12C-4D1D-911F-551A787BD5A9} = {9E0FC5A6-C4F5-443A-9560-22B4BE1F1839}
		{C307B103-99BC-4E70-A5C1-4BE0DE6703F3} = {9E0FC5A6-C4F5-443A-9560-22B4BE1F1839}
		{9E0FC5A6-C4F5-443A-9560-22B4BE1F1839} = {25BCE4A6-12D6-4BA2-8D19-539B923CCC67}
		{391956A2-75BD-44A7-B688-6983861BAC80} = {25BCE4A6-12D6-4BA2-8D19-539B923CCC67}
		{F16C1F87-7861-4AFB-B442-8EF734639E18} = {391956A2-75BD-44A7-B688-6983861BAC80}
		{81C23AA1-8615-4EA3-9FB0-DB9D2F65CEBF} = {391956A2-75BD-44A7-B688-6983861BAC80}
		{D7384379-3A24-4888-8D0C-C53664B2C4F8} = {25BCE4A6-12D6-4BA2-8D19-539B923CCC67}
		{604288BD-852B-4D48-BADF-4AE2725D5532} = {25BCE4A6-12D6-4BA2-8D19-539B923CCC67}
		{7730E816-919E-4BE7-AB2D-4DE5818F839E} = {604288BD-852B-4D48-BADF-4AE2725D5532}
		{B3A0E989-A27C-465B-898C-BFB9DDA5C4B7} = {604288BD-852B-4D48-BADF-4AE2725D5532}
		{156E427F-DFAB-461E-BCAD-EAECF160FAE4} = {604288BD-852B-4D48-BADF-4AE2725D5532}
	EndGlobalSection
	GlobalSection(ExtensibilityGlobals) = postSolution
		SolutionGuid = {FD1481B4-D875-4695-B91D-AC73AABF8F2C}
	EndGlobalSection
EndGlobal
